// !$*UTF8*$!
{
	archiveVersion = 1;
	classes = {
	};
	objectVersion = 46;
	objects = {

/* Begin PBXBuildFile section */
		0897B5929DF19457B0389D4F /* Pods_breakpoint.framework in Frameworks */ = {isa = PBXBuildFile; fileRef = 9854C7770CBC47F595D941A8 /* Pods_breakpoint.framework */; };
		4903AF321F3EC394004A4F83 /* DataService.swift in Sources */ = {isa = PBXBuildFile; fileRef = 4903AF311F3EC394004A4F83 /* DataService.swift */; };
		4919473E1F4DF8E000B55094 /* AuthService.swift in Sources */ = {isa = PBXBuildFile; fileRef = 4919473D1F4DF8E000B55094 /* AuthService.swift */; };
		49408C7B1F3E6002007D1B4F /* AppDelegate.swift in Sources */ = {isa = PBXBuildFile; fileRef = 49408C7A1F3E6002007D1B4F /* AppDelegate.swift */; };
		49408C7D1F3E6002007D1B4F /* FeedVC.swift in Sources */ = {isa = PBXBuildFile; fileRef = 49408C7C1F3E6002007D1B4F /* FeedVC.swift */; };
		49408C7F1F3E6002007D1B4F /* GroupVC.swift in Sources */ = {isa = PBXBuildFile; fileRef = 49408C7E1F3E6002007D1B4F /* GroupVC.swift */; };
		49408C821F3E6002007D1B4F /* Main.storyboard in Resources */ = {isa = PBXBuildFile; fileRef = 49408C801F3E6002007D1B4F /* Main.storyboard */; };
		49408C841F3E6002007D1B4F /* Assets.xcassets in Resources */ = {isa = PBXBuildFile; fileRef = 49408C831F3E6002007D1B4F /* Assets.xcassets */; };
		49408C871F3E6002007D1B4F /* LaunchScreen.storyboard in Resources */ = {isa = PBXBuildFile; fileRef = 49408C851F3E6002007D1B4F /* LaunchScreen.storyboard */; };
		49408C8F1F3E6066007D1B4F /* GoogleService-Info.plist in Resources */ = {isa = PBXBuildFile; fileRef = 49408C8E1F3E6066007D1B4F /* GoogleService-Info.plist */; };
		4973FA881F53801A0027AD91 /* MeVC.swift in Sources */ = {isa = PBXBuildFile; fileRef = 4973FA871F53801A0027AD91 /* MeVC.swift */; };
		498521581F6E0285003248BB /* UIViewExt.swift in Sources */ = {isa = PBXBuildFile; fileRef = 498521571F6E0285003248BB /* UIViewExt.swift */; };
		4985215A1F6E1767003248BB /* FeedCell.swift in Sources */ = {isa = PBXBuildFile; fileRef = 498521591F6E1767003248BB /* FeedCell.swift */; };
		4985215C1F6E20F4003248BB /* Message.swift in Sources */ = {isa = PBXBuildFile; fileRef = 4985215B1F6E20F4003248BB /* Message.swift */; };
		49AC3C6D1F6DE42E00DA6BBE /* CreatePostVC.swift in Sources */ = {isa = PBXBuildFile; fileRef = 49AC3C6C1F6DE42E00DA6BBE /* CreatePostVC.swift */; };
		49BE35041F508BA80088181C /* AuthVC.swift in Sources */ = {isa = PBXBuildFile; fileRef = 49BE35031F508BA80088181C /* AuthVC.swift */; };
		49BE35061F508BD90088181C /* LoginVC.swift in Sources */ = {isa = PBXBuildFile; fileRef = 49BE35051F508BD90088181C /* LoginVC.swift */; };
		49EF62B31F428F050055ED3D /* ShadowViewVC.swift in Sources */ = {isa = PBXBuildFile; fileRef = 49EF62B21F428F050055ED3D /* ShadowViewVC.swift */; };
/* End PBXBuildFile section */

/* Begin PBXFileReference section */
		08309B5B28670B37831D000F /* Pods-breakpoint.release.xcconfig */ = {isa = PBXFileReference; includeInIndex = 1; lastKnownFileType = text.xcconfig; name = "Pods-breakpoint.release.xcconfig"; path = "Pods/Target Support Files/Pods-breakpoint/Pods-breakpoint.release.xcconfig"; sourceTree = "<group>"; };
		25CCDE313647E6C189E30ADB /* Pods-breakpoint.debug.xcconfig */ = {isa = PBXFileReference; includeInIndex = 1; lastKnownFileType = text.xcconfig; name = "Pods-breakpoint.debug.xcconfig"; path = "Pods/Target Support Files/Pods-breakpoint/Pods-breakpoint.debug.xcconfig"; sourceTree = "<group>"; };
		4903AF311F3EC394004A4F83 /* DataService.swift */ = {isa = PBXFileReference; fileEncoding = 4; lastKnownFileType = sourcecode.swift; path = DataService.swift; sourceTree = "<group>"; };
		4919473D1F4DF8E000B55094 /* AuthService.swift */ = {isa = PBXFileReference; fileEncoding = 4; lastKnownFileType = sourcecode.swift; path = AuthService.swift; sourceTree = "<group>"; };
		49408C771F3E6002007D1B4F /* breakpoint.app */ = {isa = PBXFileReference; explicitFileType = wrapper.application; includeInIndex = 0; path = breakpoint.app; sourceTree = BUILT_PRODUCTS_DIR; };
		49408C7A1F3E6002007D1B4F /* AppDelegate.swift */ = {isa = PBXFileReference; lastKnownFileType = sourcecode.swift; path = AppDelegate.swift; sourceTree = "<group>"; };
		49408C7C1F3E6002007D1B4F /* FeedVC.swift */ = {isa = PBXFileReference; lastKnownFileType = sourcecode.swift; path = FeedVC.swift; sourceTree = "<group>"; };
		49408C7E1F3E6002007D1B4F /* GroupVC.swift */ = {isa = PBXFileReference; lastKnownFileType = sourcecode.swift; path = GroupVC.swift; sourceTree = "<group>"; };
		49408C811F3E6002007D1B4F /* Base */ = {isa = PBXFileReference; lastKnownFileType = file.storyboard; name = Base; path = Base.lproj/Main.storyboard; sourceTree = "<group>"; };
		49408C831F3E6002007D1B4F /* Assets.xcassets */ = {isa = PBXFileReference; lastKnownFileType = folder.assetcatalog; path = Assets.xcassets; sourceTree = "<group>"; };
		49408C861F3E6002007D1B4F /* Base */ = {isa = PBXFileReference; lastKnownFileType = file.storyboard; name = Base; path = Base.lproj/LaunchScreen.storyboard; sourceTree = "<group>"; };
		49408C881F3E6002007D1B4F /* Info.plist */ = {isa = PBXFileReference; lastKnownFileType = text.plist.xml; path = Info.plist; sourceTree = "<group>"; };
		49408C8E1F3E6066007D1B4F /* GoogleService-Info.plist */ = {isa = PBXFileReference; fileEncoding = 4; lastKnownFileType = text.plist.xml; path = "GoogleService-Info.plist"; sourceTree = "<group>"; };
		4973FA871F53801A0027AD91 /* MeVC.swift */ = {isa = PBXFileReference; fileEncoding = 4; lastKnownFileType = sourcecode.swift; path = MeVC.swift; sourceTree = "<group>"; };
		498521571F6E0285003248BB /* UIViewExt.swift */ = {isa = PBXFileReference; fileEncoding = 4; lastKnownFileType = sourcecode.swift; path = UIViewExt.swift; sourceTree = "<group>"; };
		498521591F6E1767003248BB /* FeedCell.swift */ = {isa = PBXFileReference; fileEncoding = 4; lastKnownFileType = sourcecode.swift; path = FeedCell.swift; sourceTree = "<group>"; };
		4985215B1F6E20F4003248BB /* Message.swift */ = {isa = PBXFileReference; fileEncoding = 4; lastKnownFileType = sourcecode.swift; path = Message.swift; sourceTree = "<group>"; };
		49AC3C6C1F6DE42E00DA6BBE /* CreatePostVC.swift */ = {isa = PBXFileReference; fileEncoding = 4; lastKnownFileType = sourcecode.swift; path = CreatePostVC.swift; sourceTree = "<group>"; };
		49BE35031F508BA80088181C /* AuthVC.swift */ = {isa = PBXFileReference; fileEncoding = 4; lastKnownFileType = sourcecode.swift; path = AuthVC.swift; sourceTree = "<group>"; };
		49BE35051F508BD90088181C /* LoginVC.swift */ = {isa = PBXFileReference; fileEncoding = 4; lastKnownFileType = sourcecode.swift; path = LoginVC.swift; sourceTree = "<group>"; };
		49EF62B21F428F050055ED3D /* ShadowViewVC.swift */ = {isa = PBXFileReference; fileEncoding = 4; lastKnownFileType = sourcecode.swift; path = ShadowViewVC.swift; sourceTree = "<group>"; };
		9854C7770CBC47F595D941A8 /* Pods_breakpoint.framework */ = {isa = PBXFileReference; explicitFileType = wrapper.framework; includeInIndex = 0; path = Pods_breakpoint.framework; sourceTree = BUILT_PRODUCTS_DIR; };
/* End PBXFileReference section */

/* Begin PBXFrameworksBuildPhase section */
		49408C741F3E6002007D1B4F /* Frameworks */ = {
			isa = PBXFrameworksBuildPhase;
			buildActionMask = 2147483647;
			files = (
				0897B5929DF19457B0389D4F /* Pods_breakpoint.framework in Frameworks */,
			);
			runOnlyForDeploymentPostprocessing = 0;
		};
/* End PBXFrameworksBuildPhase section */

/* Begin PBXGroup section */
		49408C6E1F3E6002007D1B4F = {
			isa = PBXGroup;
			children = (
				49408C791F3E6002007D1B4F /* breakpoint */,
				49408C781F3E6002007D1B4F /* Products */,
				53B489FECFD28BD87143CCF8 /* Pods */,
				E64555D58D804934003CF484 /* Frameworks */,
			);
			sourceTree = "<group>";
		};
		49408C781F3E6002007D1B4F /* Products */ = {
			isa = PBXGroup;
			children = (
				49408C771F3E6002007D1B4F /* breakpoint.app */,
			);
			name = Products;
			sourceTree = "<group>";
		};
		49408C791F3E6002007D1B4F /* breakpoint */ = {
			isa = PBXGroup;
			children = (
				49408C931F3E6080007D1B4F /* Services */,
				49408C941F3E6088007D1B4F /* Extensions */,
				49408C911F3E6075007D1B4F /* Model */,
				49408C901F3E606C007D1B4F /* View */,
				49408C921F3E607A007D1B4F /* Controller */,
				49408C7A1F3E6002007D1B4F /* AppDelegate.swift */,
				49408C801F3E6002007D1B4F /* Main.storyboard */,
				49408C831F3E6002007D1B4F /* Assets.xcassets */,
				49408C8E1F3E6066007D1B4F /* GoogleService-Info.plist */,
				49408C851F3E6002007D1B4F /* LaunchScreen.storyboard */,
				49408C881F3E6002007D1B4F /* Info.plist */,
			);
			path = breakpoint;
			sourceTree = "<group>";
		};
		49408C901F3E606C007D1B4F /* View */ = {
			isa = PBXGroup;
			children = (
				498521591F6E1767003248BB /* FeedCell.swift */,
			);
			name = View;
			sourceTree = "<group>";
		};
		49408C911F3E6075007D1B4F /* Model */ = {
			isa = PBXGroup;
			children = (
				4985215B1F6E20F4003248BB /* Message.swift */,
			);
			name = Model;
			sourceTree = "<group>";
		};
		49408C921F3E607A007D1B4F /* Controller */ = {
			isa = PBXGroup;
			children = (
				49408C7C1F3E6002007D1B4F /* FeedVC.swift */,
				49408C7E1F3E6002007D1B4F /* GroupVC.swift */,
				49EF62B21F428F050055ED3D /* ShadowViewVC.swift */,
				49BE35031F508BA80088181C /* AuthVC.swift */,
				49BE35051F508BD90088181C /* LoginVC.swift */,
				4973FA871F53801A0027AD91 /* MeVC.swift */,
				49AC3C6C1F6DE42E00DA6BBE /* CreatePostVC.swift */,
			);
			name = Controller;
			sourceTree = "<group>";
		};
		49408C931F3E6080007D1B4F /* Services */ = {
			isa = PBXGroup;
			children = (
				4903AF311F3EC394004A4F83 /* DataService.swift */,
				4919473D1F4DF8E000B55094 /* AuthService.swift */,
			);
			name = Services;
			sourceTree = "<group>";
		};
		49408C941F3E6088007D1B4F /* Extensions */ = {
			isa = PBXGroup;
			children = (
				498521571F6E0285003248BB /* UIViewExt.swift */,
			);
			name = Extensions;
			sourceTree = "<group>";
		};
		53B489FECFD28BD87143CCF8 /* Pods */ = {
			isa = PBXGroup;
			children = (
				25CCDE313647E6C189E30ADB /* Pods-breakpoint.debug.xcconfig */,
				08309B5B28670B37831D000F /* Pods-breakpoint.release.xcconfig */,
			);
			name = Pods;
			sourceTree = "<group>";
		};
		E64555D58D804934003CF484 /* Frameworks */ = {
			isa = PBXGroup;
			children = (
				9854C7770CBC47F595D941A8 /* Pods_breakpoint.framework */,
			);
			name = Frameworks;
			sourceTree = "<group>";
		};
/* End PBXGroup section */

/* Begin PBXNativeTarget section */
		49408C761F3E6002007D1B4F /* breakpoint */ = {
			isa = PBXNativeTarget;
			buildConfigurationList = 49408C8B1F3E6002007D1B4F /* Build configuration list for PBXNativeTarget "breakpoint" */;
			buildPhases = (
				185FAEC04FB899A35CB7FCB5 /* [CP] Check Pods Manifest.lock */,
				49408C731F3E6002007D1B4F /* Sources */,
				49408C741F3E6002007D1B4F /* Frameworks */,
				49408C751F3E6002007D1B4F /* Resources */,
				E6C4BF471B48894B930DA6FC /* [CP] Embed Pods Frameworks */,
				AE53B0AAE904371074A6C222 /* [CP] Copy Pods Resources */,
			);
			buildRules = (
			);
			dependencies = (
			);
			name = breakpoint;
			productName = breakpoint;
			productReference = 49408C771F3E6002007D1B4F /* breakpoint.app */;
			productType = "com.apple.product-type.application";
		};
/* End PBXNativeTarget section */

/* Begin PBXProject section */
		49408C6F1F3E6002007D1B4F /* Project object */ = {
			isa = PBXProject;
			attributes = {
				LastSwiftUpdateCheck = 0830;
				LastUpgradeCheck = 0830;
				ORGANIZATIONNAME = Infocovery;
				TargetAttributes = {
					49408C761F3E6002007D1B4F = {
						CreatedOnToolsVersion = 8.3.3;
						DevelopmentTeam = 927PBL2UD6;
						ProvisioningStyle = Automatic;
					};
				};
			};
			buildConfigurationList = 49408C721F3E6002007D1B4F /* Build configuration list for PBXProject "breakpoint" */;
			compatibilityVersion = "Xcode 3.2";
			developmentRegion = English;
			hasScannedForEncodings = 0;
			knownRegions = (
				en,
				Base,
			);
			mainGroup = 49408C6E1F3E6002007D1B4F;
			productRefGroup = 49408C781F3E6002007D1B4F /* Products */;
			projectDirPath = "";
			projectRoot = "";
			targets = (
				49408C761F3E6002007D1B4F /* breakpoint */,
			);
		};
/* End PBXProject section */

/* Begin PBXResourcesBuildPhase section */
		49408C751F3E6002007D1B4F /* Resources */ = {
			isa = PBXResourcesBuildPhase;
			buildActionMask = 2147483647;
			files = (
				49408C871F3E6002007D1B4F /* LaunchScreen.storyboard in Resources */,
				49408C8F1F3E6066007D1B4F /* GoogleService-Info.plist in Resources */,
				49408C841F3E6002007D1B4F /* Assets.xcassets in Resources */,
				49408C821F3E6002007D1B4F /* Main.storyboard in Resources */,
			);
			runOnlyForDeploymentPostprocessing = 0;
		};
/* End PBXResourcesBuildPhase section */

/* Begin PBXShellScriptBuildPhase section */
		185FAEC04FB899A35CB7FCB5 /* [CP] Check Pods Manifest.lock */ = {
			isa = PBXShellScriptBuildPhase;
			buildActionMask = 2147483647;
			files = (
			);
			inputPaths = (
				"${PODS_PODFILE_DIR_PATH}/Podfile.lock",
				"${PODS_ROOT}/Manifest.lock",
			);
			name = "[CP] Check Pods Manifest.lock";
			outputPaths = (
				"$(DERIVED_FILE_DIR)/Pods-breakpoint-checkManifestLockResult.txt",
			);
			runOnlyForDeploymentPostprocessing = 0;
			shellPath = /bin/sh;
			shellScript = "diff \"${PODS_PODFILE_DIR_PATH}/Podfile.lock\" \"${PODS_ROOT}/Manifest.lock\" > /dev/null\nif [ $? != 0 ] ; then\n    # print error to STDERR\n    echo \"error: The sandbox is not in sync with the Podfile.lock. Run 'pod install' or update your CocoaPods installation.\" >&2\n    exit 1\nfi\n# This output is used by Xcode 'outputs' to avoid re-running this script phase.\necho \"SUCCESS\" > \"${SCRIPT_OUTPUT_FILE_0}\"\n";
			showEnvVarsInLog = 0;
		};
		AE53B0AAE904371074A6C222 /* [CP] Copy Pods Resources */ = {
			isa = PBXShellScriptBuildPhase;
			buildActionMask = 2147483647;
			files = (
			);
			inputPaths = (
			);
			name = "[CP] Copy Pods Resources";
			outputPaths = (
			);
			runOnlyForDeploymentPostprocessing = 0;
			shellPath = /bin/sh;
			shellScript = "\"${SRCROOT}/Pods/Target Support Files/Pods-breakpoint/Pods-breakpoint-resources.sh\"\n";
			showEnvVarsInLog = 0;
		};
		E6C4BF471B48894B930DA6FC /* [CP] Embed Pods Frameworks */ = {
			isa = PBXShellScriptBuildPhase;
			buildActionMask = 2147483647;
			files = (
			);
			inputPaths = (
				"${SRCROOT}/Pods/Target Support Files/Pods-breakpoint/Pods-breakpoint-frameworks.sh",
				"${BUILT_PRODUCTS_DIR}/GTMSessionFetcher/GTMSessionFetcher.framework",
				"${BUILT_PRODUCTS_DIR}/GoogleToolboxForMac/GoogleToolboxForMac.framework",
				"${BUILT_PRODUCTS_DIR}/leveldb-library/leveldb.framework",
				"${BUILT_PRODUCTS_DIR}/nanopb/nanopb.framework",
			);
			name = "[CP] Embed Pods Frameworks";
			outputPaths = (
				"${TARGET_BUILD_DIR}/${FRAMEWORKS_FOLDER_PATH}/GTMSessionFetcher.framework",
				"${TARGET_BUILD_DIR}/${FRAMEWORKS_FOLDER_PATH}/GoogleToolboxForMac.framework",
				"${TARGET_BUILD_DIR}/${FRAMEWORKS_FOLDER_PATH}/leveldb.framework",
				"${TARGET_BUILD_DIR}/${FRAMEWORKS_FOLDER_PATH}/nanopb.framework",
			);
			runOnlyForDeploymentPostprocessing = 0;
			shellPath = /bin/sh;
			shellScript = "\"${SRCROOT}/Pods/Target Support Files/Pods-breakpoint/Pods-breakpoint-frameworks.sh\"\n";
			showEnvVarsInLog = 0;
		};
/* End PBXShellScriptBuildPhase section */

/* Begin PBXSourcesBuildPhase section */
		49408C731F3E6002007D1B4F /* Sources */ = {
			isa = PBXSourcesBuildPhase;
			buildActionMask = 2147483647;
			files = (
				49AC3C6D1F6DE42E00DA6BBE /* CreatePostVC.swift in Sources */,
				49EF62B31F428F050055ED3D /* ShadowViewVC.swift in Sources */,
				49408C7F1F3E6002007D1B4F /* GroupVC.swift in Sources */,
				49BE35061F508BD90088181C /* LoginVC.swift in Sources */,
				49BE35041F508BA80088181C /* AuthVC.swift in Sources */,
				4985215A1F6E1767003248BB /* FeedCell.swift in Sources */,
				498521581F6E0285003248BB /* UIViewExt.swift in Sources */,
				4973FA881F53801A0027AD91 /* MeVC.swift in Sources */,
				49408C7B1F3E6002007D1B4F /* AppDelegate.swift in Sources */,
				4985215C1F6E20F4003248BB /* Message.swift in Sources */,
				4919473E1F4DF8E000B55094 /* AuthService.swift in Sources */,
				49408C7D1F3E6002007D1B4F /* FeedVC.swift in Sources */,
				4903AF321F3EC394004A4F83 /* DataService.swift in Sources */,
			);
			runOnlyForDeploymentPostprocessing = 0;
		};
/* End PBXSourcesBuildPhase section */

/* Begin PBXVariantGroup section */
		49408C801F3E6002007D1B4F /* Main.storyboard */ = {
			isa = PBXVariantGroup;
			children = (
				49408C811F3E6002007D1B4F /* Base */,
			);
			name = Main.storyboard;
			sourceTree = "<group>";
		};
		49408C851F3E6002007D1B4F /* LaunchScreen.storyboard */ = {
			isa = PBXVariantGroup;
			children = (
				49408C861F3E6002007D1B4F /* Base */,
			);
			name = LaunchScreen.storyboard;
			sourceTree = "<group>";
		};
/* End PBXVariantGroup section */

/* Begin XCBuildConfiguration section */
		49408C891F3E6002007D1B4F /* Debug */ = {
			isa = XCBuildConfiguration;
			buildSettings = {
				ALWAYS_SEARCH_USER_PATHS = NO;
				CLANG_ANALYZER_NONNULL = YES;
				CLANG_ANALYZER_NUMBER_OBJECT_CONVERSION = YES_AGGRESSIVE;
				CLANG_CXX_LANGUAGE_STANDARD = "gnu++0x";
				CLANG_CXX_LIBRARY = "libc++";
				CLANG_ENABLE_MODULES = YES;
				CLANG_ENABLE_OBJC_ARC = YES;
				CLANG_WARN_BOOL_CONVERSION = YES;
				CLANG_WARN_CONSTANT_CONVERSION = YES;
				CLANG_WARN_DIRECT_OBJC_ISA_USAGE = YES_ERROR;
				CLANG_WARN_DOCUMENTATION_COMMENTS = YES;
				CLANG_WARN_EMPTY_BODY = YES;
				CLANG_WARN_ENUM_CONVERSION = YES;
				CLANG_WARN_INFINITE_RECURSION = YES;
				CLANG_WARN_INT_CONVERSION = YES;
				CLANG_WARN_OBJC_ROOT_CLASS = YES_ERROR;
				CLANG_WARN_SUSPICIOUS_MOVE = YES;
				CLANG_WARN_UNREACHABLE_CODE = YES;
				CLANG_WARN__DUPLICATE_METHOD_MATCH = YES;
				"CODE_SIGN_IDENTITY[sdk=iphoneos*]" = "iPhone Developer";
				COPY_PHASE_STRIP = NO;
				DEBUG_INFORMATION_FORMAT = dwarf;
				ENABLE_STRICT_OBJC_MSGSEND = YES;
				ENABLE_TESTABILITY = YES;
				GCC_C_LANGUAGE_STANDARD = gnu99;
				GCC_DYNAMIC_NO_PIC = NO;
				GCC_NO_COMMON_BLOCKS = YES;
				GCC_OPTIMIZATION_LEVEL = 0;
				GCC_PREPROCESSOR_DEFINITIONS = (
					"DEBUG=1",
					"$(inherited)",
				);
				GCC_WARN_64_TO_32_BIT_CONVERSION = YES;
				GCC_WARN_ABOUT_RETURN_TYPE = YES_ERROR;
				GCC_WARN_UNDECLARED_SELECTOR = YES;
				GCC_WARN_UNINITIALIZED_AUTOS = YES_AGGRESSIVE;
				GCC_WARN_UNUSED_FUNCTION = YES;
				GCC_WARN_UNUSED_VARIABLE = YES;
				IPHONEOS_DEPLOYMENT_TARGET = 10.3;
				MTL_ENABLE_DEBUG_INFO = YES;
				ONLY_ACTIVE_ARCH = YES;
				SDKROOT = iphoneos;
				SWIFT_ACTIVE_COMPILATION_CONDITIONS = DEBUG;
				SWIFT_OPTIMIZATION_LEVEL = "-Onone";
			};
			name = Debug;
		};
		49408C8A1F3E6002007D1B4F /* Release */ = {
			isa = XCBuildConfiguration;
			buildSettings = {
				ALWAYS_SEARCH_USER_PATHS = NO;
				CLANG_ANALYZER_NONNULL = YES;
				CLANG_ANALYZER_NUMBER_OBJECT_CONVERSION = YES_AGGRESSIVE;
				CLANG_CXX_LANGUAGE_STANDARD = "gnu++0x";
				CLANG_CXX_LIBRARY = "libc++";
				CLANG_ENABLE_MODULES = YES;
				CLANG_ENABLE_OBJC_ARC = YES;
				CLANG_WARN_BOOL_CONVERSION = YES;
				CLANG_WARN_CONSTANT_CONVERSION = YES;
				CLANG_WARN_DIRECT_OBJC_ISA_USAGE = YES_ERROR;
				CLANG_WARN_DOCUMENTATION_COMMENTS = YES;
				CLANG_WARN_EMPTY_BODY = YES;
				CLANG_WARN_ENUM_CONVERSION = YES;
				CLANG_WARN_INFINITE_RECURSION = YES;
				CLANG_WARN_INT_CONVERSION = YES;
				CLANG_WARN_OBJC_ROOT_CLASS = YES_ERROR;
				CLANG_WARN_SUSPICIOUS_MOVE = YES;
				CLANG_WARN_UNREACHABLE_CODE = YES;
				CLANG_WARN__DUPLICATE_METHOD_MATCH = YES;
				"CODE_SIGN_IDENTITY[sdk=iphoneos*]" = "iPhone Developer";
				COPY_PHASE_STRIP = NO;
				DEBUG_INFORMATION_FORMAT = "dwarf-with-dsym";
				ENABLE_NS_ASSERTIONS = NO;
				ENABLE_STRICT_OBJC_MSGSEND = YES;
				GCC_C_LANGUAGE_STANDARD = gnu99;
				GCC_NO_COMMON_BLOCKS = YES;
				GCC_WARN_64_TO_32_BIT_CONVERSION = YES;
				GCC_WARN_ABOUT_RETURN_TYPE = YES_ERROR;
				GCC_WARN_UNDECLARED_SELECTOR = YES;
				GCC_WARN_UNINITIALIZED_AUTOS = YES_AGGRESSIVE;
				GCC_WARN_UNUSED_FUNCTION = YES;
				GCC_WARN_UNUSED_VARIABLE = YES;
				IPHONEOS_DEPLOYMENT_TARGET = 10.3;
				MTL_ENABLE_DEBUG_INFO = NO;
				SDKROOT = iphoneos;
				SWIFT_OPTIMIZATION_LEVEL = "-Owholemodule";
				VALIDATE_PRODUCT = YES;
			};
			name = Release;
		};
		49408C8C1F3E6002007D1B4F /* Debug */ = {
			isa = XCBuildConfiguration;
			baseConfigurationReference = 25CCDE313647E6C189E30ADB /* Pods-breakpoint.debug.xcconfig */;
			buildSettings = {
				ASSETCATALOG_COMPILER_APPICON_NAME = AppIcon;
				DEVELOPMENT_TEAM = 927PBL2UD6;
				INFOPLIST_FILE = breakpoint/Info.plist;
				LD_RUNPATH_SEARCH_PATHS = "$(inherited) @executable_path/Frameworks";
				PRODUCT_BUNDLE_IDENTIFIER = com.infocovery.breakpoint;
				PRODUCT_NAME = "$(TARGET_NAME)";
				SWIFT_VERSION = 3.0;
			};
			name = Debug;
		};
		49408C8D1F3E6002007D1B4F /* Release */ = {
			isa = XCBuildConfiguration;
			baseConfigurationReference = 08309B5B28670B37831D000F /* Pods-breakpoint.release.xcconfig */;
			buildSettings = {
				ASSETCATALOG_COMPILER_APPICON_NAME = AppIcon;
				DEVELOPMENT_TEAM = 927PBL2UD6;
				INFOPLIST_FILE = breakpoint/Info.plist;
				LD_RUNPATH_SEARCH_PATHS = "$(inherited) @executable_path/Frameworks";
				PRODUCT_BUNDLE_IDENTIFIER = com.infocovery.breakpoint;
				PRODUCT_NAME = "$(TARGET_NAME)";
				SWIFT_VERSION = 3.0;
			};
			name = Release;
		};
/* End XCBuildConfiguration section */

/* Begin XCConfigurationList section */
		49408C721F3E6002007D1B4F /* Build configuration list for PBXProject "breakpoint" */ = {
			isa = XCConfigurationList;
			buildConfigurations = (
				49408C891F3E6002007D1B4F /* Debug */,
				49408C8A1F3E6002007D1B4F /* Release */,
			);
			defaultConfigurationIsVisible = 0;
			defaultConfigurationName = Release;
		};
		49408C8B1F3E6002007D1B4F /* Build configuration list for PBXNativeTarget "breakpoint" */ = {
			isa = XCConfigurationList;
			buildConfigurations = (
				49408C8C1F3E6002007D1B4F /* Debug */,
				49408C8D1F3E6002007D1B4F /* Release */,
			);
			defaultConfigurationIsVisible = 0;
			defaultConfigurationName = Release;
		};
/* End XCConfigurationList section */
	};
	rootObject = 49408C6F1F3E6002007D1B4F /* Project object */;
}
